
Microsoft Visual Studio Solution File, Format Version 12.00
# Visual Studio 15
VisualStudioVersion = 15.0.27703.2018
MinimumVisualStudioVersion = 10.0.40219.1
Project("{FAE04EC0-301F-11D3-BF4B-00C04F79EFBC}") = "hometask_2", "hometask_2\hometask_2.csproj", "{670ED5FA-2484-487C-BE5B-1C4B5158AF25}"
EndProject
Project("{FAE04EC0-301F-11D3-BF4B-00C04F79EFBC}") = "MyThreadPool.Tests", "MyThreadPool.Tests\MyThreadPool.Tests.csproj", "{476FA068-3104-4AF4-8DF7-C787D6E8F1F9}"
EndProject
Global
	GlobalSection(SolutionConfigurationPlatforms) = preSolution
		Debug|Any CPU = Debug|Any CPU
		Release|Any CPU = Release|Any CPU
	EndGlobalSection
	GlobalSection(ProjectConfigurationPlatforms) = postSolution
		{670ED5FA-2484-487C-BE5B-1C4B5158AF25}.Debug|Any CPU.ActiveCfg = Debug|Any CPU
		{670ED5FA-2484-487C-BE5B-1C4B5158AF25}.Debug|Any CPU.Build.0 = Debug|Any CPU
		{670ED5FA-2484-487C-BE5B-1C4B5158AF25}.Release|Any CPU.ActiveCfg = Release|Any CPU
		{670ED5FA-2484-487C-BE5B-1C4B5158AF25}.Release|Any CPU.Build.0 = Release|Any CPU
		{476FA068-3104-4AF4-8DF7-C787D6E8F1F9}.Debug|Any CPU.ActiveCfg = Debug|Any CPU
		{476FA068-3104-4AF4-8DF7-C787D6E8F1F9}.Debug|Any CPU.Build.0 = Debug|Any CPU
		{476FA068-3104-4AF4-8DF7-C787D6E8F1F9}.Release|Any CPU.ActiveCfg = Release|Any CPU
		{476FA068-3104-4AF4-8DF7-C787D6E8F1F9}.Release|Any CPU.Build.0 = Release|Any CPU
	EndGlobalSection
	GlobalSection(SolutionProperties) = preSolution
		HideSolutionNode = FALSE
	EndGlobalSection
	GlobalSection(ExtensibilityGlobals) = postSolution
		SolutionGuid = {FFBEC077-E787-4DE4-B3B0-E6AD98E784E1}
	EndGlobalSection
EndGlobal
