
Microsoft Visual Studio Solution File, Format Version 12.00
# Visual Studio 15
VisualStudioVersion = 15.0.27428.1
MinimumVisualStudioVersion = 10.0.40219.1
Project("{FAE04EC0-301F-11D3-BF4B-00C04F79EFBC}") = "Problem1", "Problem1\Problem1.csproj", "{A6598F4A-F114-4BF6-9444-ED9B39947630}"
EndProject
Project("{FAE04EC0-301F-11D3-BF4B-00C04F79EFBC}") = "Problem1.Tests", "Problem1.Tests\Problem1.Tests.csproj", "{CCE7B150-87E2-48DE-88EB-B04F7237F4AB}"
EndProject
Global
	GlobalSection(SolutionConfigurationPlatforms) = preSolution
		Debug|Any CPU = Debug|Any CPU
		Release|Any CPU = Release|Any CPU
	EndGlobalSection
	GlobalSection(ProjectConfigurationPlatforms) = postSolution
		{A6598F4A-F114-4BF6-9444-ED9B39947630}.Debug|Any CPU.ActiveCfg = Debug|Any CPU
		{A6598F4A-F114-4BF6-9444-ED9B39947630}.Debug|Any CPU.Build.0 = Debug|Any CPU
		{A6598F4A-F114-4BF6-9444-ED9B39947630}.Release|Any CPU.ActiveCfg = Release|Any CPU
		{A6598F4A-F114-4BF6-9444-ED9B39947630}.Release|Any CPU.Build.0 = Release|Any CPU
		{CCE7B150-87E2-48DE-88EB-B04F7237F4AB}.Debug|Any CPU.ActiveCfg = Debug|Any CPU
		{CCE7B150-87E2-48DE-88EB-B04F7237F4AB}.Debug|Any CPU.Build.0 = Debug|Any CPU
		{CCE7B150-87E2-48DE-88EB-B04F7237F4AB}.Release|Any CPU.ActiveCfg = Release|Any CPU
		{CCE7B150-87E2-48DE-88EB-B04F7237F4AB}.Release|Any CPU.Build.0 = Release|Any CPU
	EndGlobalSection
	GlobalSection(SolutionProperties) = preSolution
		HideSolutionNode = FALSE
	EndGlobalSection
	GlobalSection(ExtensibilityGlobals) = postSolution
		SolutionGuid = {E755D1D5-B9BB-4A64-A520-2CD4D65970D5}
	EndGlobalSection
EndGlobal
