
Microsoft Visual Studio Solution File, Format Version 12.00
# Visual Studio 15
VisualStudioVersion = 15.0.27428.1
MinimumVisualStudioVersion = 10.0.40219.1
Project("{FAE04EC0-301F-11D3-BF4B-00C04F79EFBC}") = "Problem2", "Problem2\Problem2.csproj", "{1A33C890-8E27-42D6-83BE-CE74BD5F60B5}"
EndProject
Global
	GlobalSection(SolutionConfigurationPlatforms) = preSolution
		Debug|Any CPU = Debug|Any CPU
		Release|Any CPU = Release|Any CPU
	EndGlobalSection
	GlobalSection(ProjectConfigurationPlatforms) = postSolution
		{1A33C890-8E27-42D6-83BE-CE74BD5F60B5}.Debug|Any CPU.ActiveCfg = Debug|Any CPU
		{1A33C890-8E27-42D6-83BE-CE74BD5F60B5}.Debug|Any CPU.Build.0 = Debug|Any CPU
		{1A33C890-8E27-42D6-83BE-CE74BD5F60B5}.Release|Any CPU.ActiveCfg = Release|Any CPU
		{1A33C890-8E27-42D6-83BE-CE74BD5F60B5}.Release|Any CPU.Build.0 = Release|Any CPU
	EndGlobalSection
	GlobalSection(SolutionProperties) = preSolution
		HideSolutionNode = FALSE
	EndGlobalSection
	GlobalSection(ExtensibilityGlobals) = postSolution
		SolutionGuid = {5E1B8AF4-3DC1-4BD1-A9C1-35B311DEC28F}
	EndGlobalSection
EndGlobal
