Microsoft Visual Studio Solution File, Format Version 12.00
# Visual Studio 15
VisualStudioVersion = 15.0.28010.2046
MinimumVisualStudioVersion = 10.0.40219.1
Project("{FAE04EC0-301F-11D3-BF4B-00C04F79EFBC}") = "MyNUnit.Runner", "MyNUnit.Runner\MyNUnit.Runner.csproj", "{2731C2D5-0926-488C-883F-31AAFBA855A5}"
EndProject
Project("{FAE04EC0-301F-11D3-BF4B-00C04F79EFBC}") = "MyNUnit.TestTools", "MyNUnit.TestTools\MyNUnit.TestTools.csproj", "{CEAC36CD-17EB-4BC1-AF62-37B9492BA793}"
EndProject
Project("{9A19103F-16F7-4668-BE54-9A1E7A4F7556}") = "MyNUnit.Tests", "MyNUnit.Tests\MyNUnit.Tests.csproj", "{4DAC6E91-A739-4993-9455-917C71A40DD1}"
EndProject
Project("{2150E333-8FDC-42A3-9474-1A3956D46DE8}") = "TestProjects", "TestProjects", "{DBB305BE-B840-40FC-BC59-7B20AD55AD41}"
EndProject
Project("{9A19103F-16F7-4668-BE54-9A1E7A4F7556}") = "SimpleTest", "SimpleTest\SimpleTest.csproj", "{0752F277-3E99-41E7-BD94-213D4CF11028}"
EndProject
Project("{9A19103F-16F7-4668-BE54-9A1E7A4F7556}") = "FailInBeforeMethod", "FailInBeforeMethod\FailInBeforeMethod.csproj", "{19F9D675-71BA-4A8A-82AC-931961E55792}"
EndProject
Project("{9A19103F-16F7-4668-BE54-9A1E7A4F7556}") = "FailInAfterMethod", "FailInAfterMethod\FailInAfterMethod.csproj", "{C79A5F94-E974-4CE2-8D1D-BFABA50D7F89}"
EndProject
Project("{9A19103F-16F7-4668-BE54-9A1E7A4F7556}") = "FailInBeforeClassMethod", "FailInBeforeClassMethod\FailInBeforeClassMethod.csproj", "{565BE39C-2DBF-4313-B910-6D5AE4F96644}"
EndProject
Project("{9A19103F-16F7-4668-BE54-9A1E7A4F7556}") = "FailInAfterClassMethod", "FailInAfterClassMethod\FailInAfterClassMethod.csproj", "{05FD0D03-77E8-454C-978C-44BA7217CE5A}"
EndProject
Project("{9A19103F-16F7-4668-BE54-9A1E7A4F7556}") = "TestWithExpectedParam", "TestWithExpectedParam\TestWithExpectedParam.csproj", "{5169CD7A-4B9D-42B8-990C-9AE966D10935}"
EndProject
Project("{9A19103F-16F7-4668-BE54-9A1E7A4F7556}") = "TestWithIgnoreParam", "TestWithIgnoreParam\TestWithIgnoreParam.csproj", "{9A8A8E8F-760D-48A1-9D7E-8C8DFF7BCCB2}"
EndProject
Project("{9A19103F-16F7-4668-BE54-9A1E7A4F7556}") = "AreEqualTest", "AreEqualTest\AreEqualTest.csproj", "{DB3BD788-BCFF-476F-B87A-FB8AB14CDFC0}"
EndProject
Project("{9A19103F-16F7-4668-BE54-9A1E7A4F7556}") = "BeforeAndAfterWorksCorrectly", "BeforeAndAfterWorksCorrectly\BeforeAndAfterWorksCorrectly.csproj", "{57643DC8-18A1-4252-9267-68AE39E719D8}"
EndProject
Project("{9A19103F-16F7-4668-BE54-9A1E7A4F7556}") = "MultipleCorrectAndFailedTests", "MultipleCorrectAndFailedTests\MultipleCorrectAndFailedTests.csproj", "{73AB9457-87DB-4C41-B7DF-D6437C475F42}"
EndProject
Project("{FAE04EC0-301F-11D3-BF4B-00C04F79EFBC}") = "ProjectWithoutTests", "ProjectWithoutTests\ProjectWithoutTests.csproj", "{E14015AD-5695-476F-BA84-31F499AFE3EC}"
EndProject
Project("{FAE04EC0-301F-11D3-BF4B-00C04F79EFBC}") = "TestsInDifferentClasses", "TestsInDifferentClasses\TestsInDifferentClasses.csproj", "{F9A1BE35-BF4E-4229-B3FC-234A05B6AA55}"
EndProject
Global
	GlobalSection(SolutionConfigurationPlatforms) = preSolution
		Debug|Any CPU = Debug|Any CPU
		Debug|x86 = Debug|x86
		Release|Any CPU = Release|Any CPU
		Release|x86 = Release|x86
	EndGlobalSection
	GlobalSection(ProjectConfigurationPlatforms) = postSolution
		{2731C2D5-0926-488C-883F-31AAFBA855A5}.Debug|Any CPU.ActiveCfg = Debug|x86
		{2731C2D5-0926-488C-883F-31AAFBA855A5}.Debug|Any CPU.Build.0 = Debug|x86
		{2731C2D5-0926-488C-883F-31AAFBA855A5}.Debug|x86.ActiveCfg = Debug|x86
		{2731C2D5-0926-488C-883F-31AAFBA855A5}.Debug|x86.Build.0 = Debug|x86
		{2731C2D5-0926-488C-883F-31AAFBA855A5}.Release|Any CPU.ActiveCfg = Release|x86
		{2731C2D5-0926-488C-883F-31AAFBA855A5}.Release|x86.ActiveCfg = Release|x86
		{2731C2D5-0926-488C-883F-31AAFBA855A5}.Release|x86.Build.0 = Release|x86
		{CEAC36CD-17EB-4BC1-AF62-37B9492BA793}.Debug|Any CPU.ActiveCfg = Debug|x86
		{CEAC36CD-17EB-4BC1-AF62-37B9492BA793}.Debug|Any CPU.Build.0 = Debug|x86
		{CEAC36CD-17EB-4BC1-AF62-37B9492BA793}.Debug|x86.ActiveCfg = Debug|x86
		{CEAC36CD-17EB-4BC1-AF62-37B9492BA793}.Debug|x86.Build.0 = Debug|x86
		{CEAC36CD-17EB-4BC1-AF62-37B9492BA793}.Release|Any CPU.ActiveCfg = Release|x86
		{CEAC36CD-17EB-4BC1-AF62-37B9492BA793}.Release|x86.ActiveCfg = Release|x86
		{CEAC36CD-17EB-4BC1-AF62-37B9492BA793}.Release|x86.Build.0 = Release|x86
		{4DAC6E91-A739-4993-9455-917C71A40DD1}.Debug|Any CPU.ActiveCfg = Debug|Any CPU
		{4DAC6E91-A739-4993-9455-917C71A40DD1}.Debug|Any CPU.Build.0 = Debug|Any CPU
		{4DAC6E91-A739-4993-9455-917C71A40DD1}.Debug|x86.ActiveCfg = Debug|Any CPU
		{4DAC6E91-A739-4993-9455-917C71A40DD1}.Debug|x86.Build.0 = Debug|Any CPU
		{4DAC6E91-A739-4993-9455-917C71A40DD1}.Release|Any CPU.ActiveCfg = Release|Any CPU
		{4DAC6E91-A739-4993-9455-917C71A40DD1}.Release|Any CPU.Build.0 = Release|Any CPU
		{4DAC6E91-A739-4993-9455-917C71A40DD1}.Release|x86.ActiveCfg = Release|Any CPU
		{4DAC6E91-A739-4993-9455-917C71A40DD1}.Release|x86.Build.0 = Release|Any CPU
		{0752F277-3E99-41E7-BD94-213D4CF11028}.Debug|Any CPU.ActiveCfg = Debug|Any CPU
		{0752F277-3E99-41E7-BD94-213D4CF11028}.Debug|Any CPU.Build.0 = Debug|Any CPU
		{0752F277-3E99-41E7-BD94-213D4CF11028}.Debug|x86.ActiveCfg = Debug|Any CPU
		{0752F277-3E99-41E7-BD94-213D4CF11028}.Debug|x86.Build.0 = Debug|Any CPU
		{0752F277-3E99-41E7-BD94-213D4CF11028}.Release|Any CPU.ActiveCfg = Release|Any CPU
		{0752F277-3E99-41E7-BD94-213D4CF11028}.Release|Any CPU.Build.0 = Release|Any CPU
		{0752F277-3E99-41E7-BD94-213D4CF11028}.Release|x86.ActiveCfg = Release|Any CPU
		{0752F277-3E99-41E7-BD94-213D4CF11028}.Release|x86.Build.0 = Release|Any CPU
		{19F9D675-71BA-4A8A-82AC-931961E55792}.Debug|Any CPU.ActiveCfg = Debug|Any CPU
		{19F9D675-71BA-4A8A-82AC-931961E55792}.Debug|Any CPU.Build.0 = Debug|Any CPU
		{19F9D675-71BA-4A8A-82AC-931961E55792}.Debug|x86.ActiveCfg = Debug|Any CPU
		{19F9D675-71BA-4A8A-82AC-931961E55792}.Debug|x86.Build.0 = Debug|Any CPU
		{19F9D675-71BA-4A8A-82AC-931961E55792}.Release|Any CPU.ActiveCfg = Release|Any CPU
		{19F9D675-71BA-4A8A-82AC-931961E55792}.Release|Any CPU.Build.0 = Release|Any CPU
		{19F9D675-71BA-4A8A-82AC-931961E55792}.Release|x86.ActiveCfg = Release|Any CPU
		{19F9D675-71BA-4A8A-82AC-931961E55792}.Release|x86.Build.0 = Release|Any CPU
		{C79A5F94-E974-4CE2-8D1D-BFABA50D7F89}.Debug|Any CPU.ActiveCfg = Debug|Any CPU
		{C79A5F94-E974-4CE2-8D1D-BFABA50D7F89}.Debug|Any CPU.Build.0 = Debug|Any CPU
		{C79A5F94-E974-4CE2-8D1D-BFABA50D7F89}.Debug|x86.ActiveCfg = Debug|Any CPU
		{C79A5F94-E974-4CE2-8D1D-BFABA50D7F89}.Debug|x86.Build.0 = Debug|Any CPU
		{C79A5F94-E974-4CE2-8D1D-BFABA50D7F89}.Release|Any CPU.ActiveCfg = Release|Any CPU
		{C79A5F94-E974-4CE2-8D1D-BFABA50D7F89}.Release|Any CPU.Build.0 = Release|Any CPU
		{C79A5F94-E974-4CE2-8D1D-BFABA50D7F89}.Release|x86.ActiveCfg = Release|Any CPU
		{C79A5F94-E974-4CE2-8D1D-BFABA50D7F89}.Release|x86.Build.0 = Release|Any CPU
		{565BE39C-2DBF-4313-B910-6D5AE4F96644}.Debug|Any CPU.ActiveCfg = Debug|Any CPU
		{565BE39C-2DBF-4313-B910-6D5AE4F96644}.Debug|Any CPU.Build.0 = Debug|Any CPU
		{565BE39C-2DBF-4313-B910-6D5AE4F96644}.Debug|x86.ActiveCfg = Debug|Any CPU
		{565BE39C-2DBF-4313-B910-6D5AE4F96644}.Debug|x86.Build.0 = Debug|Any CPU
		{565BE39C-2DBF-4313-B910-6D5AE4F96644}.Release|Any CPU.ActiveCfg = Release|Any CPU
		{565BE39C-2DBF-4313-B910-6D5AE4F96644}.Release|Any CPU.Build.0 = Release|Any CPU
		{565BE39C-2DBF-4313-B910-6D5AE4F96644}.Release|x86.ActiveCfg = Release|Any CPU
		{565BE39C-2DBF-4313-B910-6D5AE4F96644}.Release|x86.Build.0 = Release|Any CPU
		{05FD0D03-77E8-454C-978C-44BA7217CE5A}.Debug|Any CPU.ActiveCfg = Debug|Any CPU
		{05FD0D03-77E8-454C-978C-44BA7217CE5A}.Debug|Any CPU.Build.0 = Debug|Any CPU
		{05FD0D03-77E8-454C-978C-44BA7217CE5A}.Debug|x86.ActiveCfg = Debug|Any CPU
		{05FD0D03-77E8-454C-978C-44BA7217CE5A}.Debug|x86.Build.0 = Debug|Any CPU
		{05FD0D03-77E8-454C-978C-44BA7217CE5A}.Release|Any CPU.ActiveCfg = Release|Any CPU
		{05FD0D03-77E8-454C-978C-44BA7217CE5A}.Release|Any CPU.Build.0 = Release|Any CPU
		{05FD0D03-77E8-454C-978C-44BA7217CE5A}.Release|x86.ActiveCfg = Release|Any CPU
		{05FD0D03-77E8-454C-978C-44BA7217CE5A}.Release|x86.Build.0 = Release|Any CPU
		{5169CD7A-4B9D-42B8-990C-9AE966D10935}.Debug|Any CPU.ActiveCfg = Debug|Any CPU
		{5169CD7A-4B9D-42B8-990C-9AE966D10935}.Debug|Any CPU.Build.0 = Debug|Any CPU
		{5169CD7A-4B9D-42B8-990C-9AE966D10935}.Debug|x86.ActiveCfg = Debug|Any CPU
		{5169CD7A-4B9D-42B8-990C-9AE966D10935}.Debug|x86.Build.0 = Debug|Any CPU
		{5169CD7A-4B9D-42B8-990C-9AE966D10935}.Release|Any CPU.ActiveCfg = Release|Any CPU
		{5169CD7A-4B9D-42B8-990C-9AE966D10935}.Release|Any CPU.Build.0 = Release|Any CPU
		{5169CD7A-4B9D-42B8-990C-9AE966D10935}.Release|x86.ActiveCfg = Release|Any CPU
		{5169CD7A-4B9D-42B8-990C-9AE966D10935}.Release|x86.Build.0 = Release|Any CPU
		{9A8A8E8F-760D-48A1-9D7E-8C8DFF7BCCB2}.Debug|Any CPU.ActiveCfg = Debug|Any CPU
		{9A8A8E8F-760D-48A1-9D7E-8C8DFF7BCCB2}.Debug|Any CPU.Build.0 = Debug|Any CPU
		{9A8A8E8F-760D-48A1-9D7E-8C8DFF7BCCB2}.Debug|x86.ActiveCfg = Debug|Any CPU
		{9A8A8E8F-760D-48A1-9D7E-8C8DFF7BCCB2}.Debug|x86.Build.0 = Debug|Any CPU
		{9A8A8E8F-760D-48A1-9D7E-8C8DFF7BCCB2}.Release|Any CPU.ActiveCfg = Release|Any CPU
		{9A8A8E8F-760D-48A1-9D7E-8C8DFF7BCCB2}.Release|Any CPU.Build.0 = Release|Any CPU
		{9A8A8E8F-760D-48A1-9D7E-8C8DFF7BCCB2}.Release|x86.ActiveCfg = Release|Any CPU
		{9A8A8E8F-760D-48A1-9D7E-8C8DFF7BCCB2}.Release|x86.Build.0 = Release|Any CPU
		{DB3BD788-BCFF-476F-B87A-FB8AB14CDFC0}.Debug|Any CPU.ActiveCfg = Debug|Any CPU
		{DB3BD788-BCFF-476F-B87A-FB8AB14CDFC0}.Debug|Any CPU.Build.0 = Debug|Any CPU
		{DB3BD788-BCFF-476F-B87A-FB8AB14CDFC0}.Debug|x86.ActiveCfg = Debug|Any CPU
		{DB3BD788-BCFF-476F-B87A-FB8AB14CDFC0}.Debug|x86.Build.0 = Debug|Any CPU
		{DB3BD788-BCFF-476F-B87A-FB8AB14CDFC0}.Release|Any CPU.ActiveCfg = Release|Any CPU
		{DB3BD788-BCFF-476F-B87A-FB8AB14CDFC0}.Release|Any CPU.Build.0 = Release|Any CPU
		{DB3BD788-BCFF-476F-B87A-FB8AB14CDFC0}.Release|x86.ActiveCfg = Release|Any CPU
		{DB3BD788-BCFF-476F-B87A-FB8AB14CDFC0}.Release|x86.Build.0 = Release|Any CPU
		{57643DC8-18A1-4252-9267-68AE39E719D8}.Debug|Any CPU.ActiveCfg = Debug|Any CPU
		{57643DC8-18A1-4252-9267-68AE39E719D8}.Debug|Any CPU.Build.0 = Debug|Any CPU
		{57643DC8-18A1-4252-9267-68AE39E719D8}.Debug|x86.ActiveCfg = Debug|Any CPU
		{57643DC8-18A1-4252-9267-68AE39E719D8}.Debug|x86.Build.0 = Debug|Any CPU
		{57643DC8-18A1-4252-9267-68AE39E719D8}.Release|Any CPU.ActiveCfg = Release|Any CPU
		{57643DC8-18A1-4252-9267-68AE39E719D8}.Release|Any CPU.Build.0 = Release|Any CPU
		{57643DC8-18A1-4252-9267-68AE39E719D8}.Release|x86.ActiveCfg = Release|Any CPU
		{57643DC8-18A1-4252-9267-68AE39E719D8}.Release|x86.Build.0 = Release|Any CPU
		{73AB9457-87DB-4C41-B7DF-D6437C475F42}.Debug|Any CPU.ActiveCfg = Debug|Any CPU
		{73AB9457-87DB-4C41-B7DF-D6437C475F42}.Debug|Any CPU.Build.0 = Debug|Any CPU
		{73AB9457-87DB-4C41-B7DF-D6437C475F42}.Debug|x86.ActiveCfg = Debug|Any CPU
		{73AB9457-87DB-4C41-B7DF-D6437C475F42}.Debug|x86.Build.0 = Debug|Any CPU
		{73AB9457-87DB-4C41-B7DF-D6437C475F42}.Release|Any CPU.ActiveCfg = Release|Any CPU
		{73AB9457-87DB-4C41-B7DF-D6437C475F42}.Release|Any CPU.Build.0 = Release|Any CPU
		{73AB9457-87DB-4C41-B7DF-D6437C475F42}.Release|x86.ActiveCfg = Release|Any CPU
		{73AB9457-87DB-4C41-B7DF-D6437C475F42}.Release|x86.Build.0 = Release|Any CPU
		{E14015AD-5695-476F-BA84-31F499AFE3EC}.Debug|Any CPU.ActiveCfg = Debug|Any CPU
		{E14015AD-5695-476F-BA84-31F499AFE3EC}.Debug|Any CPU.Build.0 = Debug|Any CPU
		{E14015AD-5695-476F-BA84-31F499AFE3EC}.Debug|x86.ActiveCfg = Debug|Any CPU
		{E14015AD-5695-476F-BA84-31F499AFE3EC}.Debug|x86.Build.0 = Debug|Any CPU
		{E14015AD-5695-476F-BA84-31F499AFE3EC}.Release|Any CPU.ActiveCfg = Release|Any CPU
		{E14015AD-5695-476F-BA84-31F499AFE3EC}.Release|Any CPU.Build.0 = Release|Any CPU
		{E14015AD-5695-476F-BA84-31F499AFE3EC}.Release|x86.ActiveCfg = Release|Any CPU
		{E14015AD-5695-476F-BA84-31F499AFE3EC}.Release|x86.Build.0 = Release|Any CPU
		{F9A1BE35-BF4E-4229-B3FC-234A05B6AA55}.Debug|Any CPU.ActiveCfg = Debug|Any CPU
		{F9A1BE35-BF4E-4229-B3FC-234A05B6AA55}.Debug|Any CPU.Build.0 = Debug|Any CPU
		{F9A1BE35-BF4E-4229-B3FC-234A05B6AA55}.Debug|x86.ActiveCfg = Debug|Any CPU
		{F9A1BE35-BF4E-4229-B3FC-234A05B6AA55}.Debug|x86.Build.0 = Debug|Any CPU
		{F9A1BE35-BF4E-4229-B3FC-234A05B6AA55}.Release|Any CPU.ActiveCfg = Release|Any CPU
		{F9A1BE35-BF4E-4229-B3FC-234A05B6AA55}.Release|Any CPU.Build.0 = Release|Any CPU
		{F9A1BE35-BF4E-4229-B3FC-234A05B6AA55}.Release|x86.ActiveCfg = Release|Any CPU
		{F9A1BE35-BF4E-4229-B3FC-234A05B6AA55}.Release|x86.Build.0 = Release|Any CPU
	EndGlobalSection
	GlobalSection(SolutionProperties) = preSolution
		HideSolutionNode = FALSE
	EndGlobalSection
	GlobalSection(NestedProjects) = preSolution
		{0752F277-3E99-41E7-BD94-213D4CF11028} = {DBB305BE-B840-40FC-BC59-7B20AD55AD41}
		{19F9D675-71BA-4A8A-82AC-931961E55792} = {DBB305BE-B840-40FC-BC59-7B20AD55AD41}
		{C79A5F94-E974-4CE2-8D1D-BFABA50D7F89} = {DBB305BE-B840-40FC-BC59-7B20AD55AD41}
		{565BE39C-2DBF-4313-B910-6D5AE4F96644} = {DBB305BE-B840-40FC-BC59-7B20AD55AD41}
		{05FD0D03-77E8-454C-978C-44BA7217CE5A} = {DBB305BE-B840-40FC-BC59-7B20AD55AD41}
		{5169CD7A-4B9D-42B8-990C-9AE966D10935} = {DBB305BE-B840-40FC-BC59-7B20AD55AD41}
		{9A8A8E8F-760D-48A1-9D7E-8C8DFF7BCCB2} = {DBB305BE-B840-40FC-BC59-7B20AD55AD41}
		{DB3BD788-BCFF-476F-B87A-FB8AB14CDFC0} = {DBB305BE-B840-40FC-BC59-7B20AD55AD41}
		{57643DC8-18A1-4252-9267-68AE39E719D8} = {DBB305BE-B840-40FC-BC59-7B20AD55AD41}
		{73AB9457-87DB-4C41-B7DF-D6437C475F42} = {DBB305BE-B840-40FC-BC59-7B20AD55AD41}
		{E14015AD-5695-476F-BA84-31F499AFE3EC} = {DBB305BE-B840-40FC-BC59-7B20AD55AD41}
		{F9A1BE35-BF4E-4229-B3FC-234A05B6AA55} = {DBB305BE-B840-40FC-BC59-7B20AD55AD41}
	EndGlobalSection
	GlobalSection(ExtensibilityGlobals) = postSolution
		SolutionGuid = {D0C9E1A5-2FFA-4378-90C4-9DA2ADF712B6}
	EndGlobalSection
EndGlobal
