
Microsoft Visual Studio Solution File, Format Version 12.00
# Visual Studio 15
VisualStudioVersion = 15.0.27130.2027
MinimumVisualStudioVersion = 10.0.40219.1
Project("{FAE04EC0-301F-11D3-BF4B-00C04F79EFBC}") = "Problem1", "Problem1\Problem1.csproj", "{37F49BC9-1A17-42A1-87D9-AE526533AC21}"
EndProject
Project("{FAE04EC0-301F-11D3-BF4B-00C04F79EFBC}") = "Problem2", "Problem2\Problem2.csproj", "{EAB5E766-3B6B-4A08-BF5A-53B2C0069E01}"
EndProject
Project("{FAE04EC0-301F-11D3-BF4B-00C04F79EFBC}") = "Problem3", "Problem3\Problem3.csproj", "{490D0DC9-BEAD-445F-94DD-EE7EF20E803D}"
EndProject
Project("{FAE04EC0-301F-11D3-BF4B-00C04F79EFBC}") = "Problem4", "Problem4\Problem4.csproj", "{8001C070-8D23-4F76-9406-887CF2E8D2CA}"
EndProject
Project("{FAE04EC0-301F-11D3-BF4B-00C04F79EFBC}") = "Problem4.Tests", "Problem4.Tests\Problem4.Tests.csproj", "{12EFD8E4-235B-47D4-BC88-6A3EEE2C96CE}"
EndProject
Project("{FAE04EC0-301F-11D3-BF4B-00C04F79EFBC}") = "Problem3.Tests", "Problem3.Tests\Problem3.Tests.csproj", "{A0A6D766-870B-4569-9A0E-AC39988EB58D}"
EndProject
Global
	GlobalSection(SolutionConfigurationPlatforms) = preSolution
		Debug|Any CPU = Debug|Any CPU
		Release|Any CPU = Release|Any CPU
	EndGlobalSection
	GlobalSection(ProjectConfigurationPlatforms) = postSolution
		{37F49BC9-1A17-42A1-87D9-AE526533AC21}.Debug|Any CPU.ActiveCfg = Debug|Any CPU
		{37F49BC9-1A17-42A1-87D9-AE526533AC21}.Debug|Any CPU.Build.0 = Debug|Any CPU
		{37F49BC9-1A17-42A1-87D9-AE526533AC21}.Release|Any CPU.ActiveCfg = Release|Any CPU
		{37F49BC9-1A17-42A1-87D9-AE526533AC21}.Release|Any CPU.Build.0 = Release|Any CPU
		{EAB5E766-3B6B-4A08-BF5A-53B2C0069E01}.Debug|Any CPU.ActiveCfg = Debug|Any CPU
		{EAB5E766-3B6B-4A08-BF5A-53B2C0069E01}.Debug|Any CPU.Build.0 = Debug|Any CPU
		{EAB5E766-3B6B-4A08-BF5A-53B2C0069E01}.Release|Any CPU.ActiveCfg = Release|Any CPU
		{EAB5E766-3B6B-4A08-BF5A-53B2C0069E01}.Release|Any CPU.Build.0 = Release|Any CPU
		{490D0DC9-BEAD-445F-94DD-EE7EF20E803D}.Debug|Any CPU.ActiveCfg = Debug|Any CPU
		{490D0DC9-BEAD-445F-94DD-EE7EF20E803D}.Debug|Any CPU.Build.0 = Debug|Any CPU
		{490D0DC9-BEAD-445F-94DD-EE7EF20E803D}.Release|Any CPU.ActiveCfg = Release|Any CPU
		{490D0DC9-BEAD-445F-94DD-EE7EF20E803D}.Release|Any CPU.Build.0 = Release|Any CPU
		{8001C070-8D23-4F76-9406-887CF2E8D2CA}.Debug|Any CPU.ActiveCfg = Debug|Any CPU
		{8001C070-8D23-4F76-9406-887CF2E8D2CA}.Debug|Any CPU.Build.0 = Debug|Any CPU
		{8001C070-8D23-4F76-9406-887CF2E8D2CA}.Release|Any CPU.ActiveCfg = Release|Any CPU
		{8001C070-8D23-4F76-9406-887CF2E8D2CA}.Release|Any CPU.Build.0 = Release|Any CPU
		{12EFD8E4-235B-47D4-BC88-6A3EEE2C96CE}.Debug|Any CPU.ActiveCfg = Debug|Any CPU
		{12EFD8E4-235B-47D4-BC88-6A3EEE2C96CE}.Debug|Any CPU.Build.0 = Debug|Any CPU
		{12EFD8E4-235B-47D4-BC88-6A3EEE2C96CE}.Release|Any CPU.ActiveCfg = Release|Any CPU
		{12EFD8E4-235B-47D4-BC88-6A3EEE2C96CE}.Release|Any CPU.Build.0 = Release|Any CPU
		{A0A6D766-870B-4569-9A0E-AC39988EB58D}.Debug|Any CPU.ActiveCfg = Debug|Any CPU
		{A0A6D766-870B-4569-9A0E-AC39988EB58D}.Debug|Any CPU.Build.0 = Debug|Any CPU
		{A0A6D766-870B-4569-9A0E-AC39988EB58D}.Release|Any CPU.ActiveCfg = Release|Any CPU
		{A0A6D766-870B-4569-9A0E-AC39988EB58D}.Release|Any CPU.Build.0 = Release|Any CPU
	EndGlobalSection
	GlobalSection(SolutionProperties) = preSolution
		HideSolutionNode = FALSE
	EndGlobalSection
	GlobalSection(ExtensibilityGlobals) = postSolution
		SolutionGuid = {B75EF829-10E8-446A-ACBE-A995BF8180C4}
	EndGlobalSection
EndGlobal
